{
  "name": "metronical.metron",
  "version": "2.8.11",
  "lockfileVersion": 1,
  "requires": true,
  "dependencies": {
    "@types/awesomplete": {
      "version": "1.1.5",
      "resolved": "https://registry.npmjs.org/@types/awesomplete/-/awesomplete-1.1.5.tgz",
      "integrity": "sha1-bIckuEE13KYHz2YC3HzopZKjwMk="
    },
    "@types/rsvp": {
      "version": "3.3.1",
      "resolved": "https://registry.npmjs.org/@types/rsvp/-/rsvp-3.3.1.tgz",
      "integrity": "sha512-78ez7+j7eXNBn5KavbZRDcISpZpb5bmIiWc0J1fEKymryssYhJN0S4e0Rq0V4bVM+Kw5cOH5xmuAtCXiS/UHIw=="
    },
    "awesomplete": {
      "version": "1.1.2",
      "resolved": "https://registry.npmjs.org/awesomplete/-/awesomplete-1.1.2.tgz",
      "integrity": "sha1-tuJT9zR05GJ4u6Wuf4HUJiFg+3U="
    },
    "milligram": {
      "version": "1.3.0",
      "resolved": "https://registry.npmjs.org/milligram/-/milligram-1.3.0.tgz",
      "integrity": "sha1-pdmA746veTN8lqjXx+F2dkkxBCw=",
      "requires": {
        "normalize.css": "~5.0.0"
      }
    },
    "normalize.css": {
      "version": "5.0.0",
      "resolved": "https://registry.npmjs.org/normalize.css/-/normalize.css-5.0.0.tgz",
      "integrity": "sha1-fOyHXOgXilMzxN6Ato6pwYudfDc="
    },
    "rsvp": {
      "version": "3.6.2",
      "resolved": "https://registry.npmjs.org/rsvp/-/rsvp-3.6.2.tgz",
      "integrity": "sha512-OfWGQTb9vnwRjwtA2QwpG2ICclHC3pgXZO5xt8H2EfgDquO0qVdSb5T88L4qJVAEugbS56pAuV4XZM58UX8ulw=="
    },
    "typescript": {
      "version": "2.8.1",
      "resolved": "https://registry.npmjs.org/typescript/-/typescript-2.8.1.tgz",
      "integrity": "sha512-Ao/f6d/4EPLq0YwzsQz8iXflezpTkQzqAyenTiw4kCUGr1uPiFLC3+fZ+gMZz6eeI/qdRUqvC+HxIJzUAzEFdg=="
    }
  }
}
